{
  "name": "web-scaffolder",
  "version": "1.0.0",
  "lockfileVersion": 3,
  "requires": true,
  "packages": {
    "": {
      "name": "web-scaffolder",
      "version": "1.0.0",
      "dependencies": {
        "chalk": "5.6.2",
        "fs-extra": "11.4.0",
        "inquirer": "9.3.8",
        "ora": "7.0.1"
      },
      "bin": {
        "web-scaffolder": "index.js"
      },
      "devDependencies": {
        "vitest": "2.1.9"
      }
    }
  }
}
